
Microsoft Visual Studio Solution File, Format Version 12.00
# Visual Studio Version 16
VisualStudioVersion = 16.0.28803.202
MinimumVisualStudioVersion = 10.0.40219.1
Project("{8BC9CEB8-8B4A-11D0-8D11-00A0C91BC942}") = "HelloWorld", "HelloWorld.vcxproj", "{12237F7E-B223-4D7F-A8C3-8FD7DBC5FC90}"
EndProject
Global
	GlobalSection(SolutionConfigurationPlatforms) = preSolution
		Debug|x64 = Debug|x64
		Debug|x86 = Debug|x86
		Release|x64 = Release|x64
		Release|x86 = Release|x86
	EndGlobalSection
	GlobalSection(ProjectConfigurationPlatforms) = postSolution
		{12237F7E-B223-4D7F-A8C3-8FD7DBC5FC90}.Debug|x64.ActiveCfg = Debug|x64
		{12237F7E-B223-4D7F-A8C3-8FD7DBC5FC90}.Debug|x64.Build.0 = Debug|x64
		{12237F7E-B223-4D7F-A8C3-8FD7DBC5FC90}.Debug|x86.ActiveCfg = Debug|Win32
		{12237F7E-B223-4D7F-A8C3-8FD7DBC5FC90}.Debug|x86.Build.0 = Debug|Win32
		{12237F7E-B223-4D7F-A8C3-8FD7DBC5FC90}.Release|x64.ActiveCfg = Release|x64
		{12237F7E-B223-4D7F-A8C3-8FD7DBC5FC90}.Release|x64.Build.0 = Release|x64
		{12237F7E-B223-4D7F-A8C3-8FD7DBC5FC90}.Release|x86.ActiveCfg = Release|Win32
		{12237F7E-B223-4D7F-A8C3-8FD7DBC5FC90}.Release|x86.Build.0 = Release|Win32
	EndGlobalSection
	GlobalSection(SolutionProperties) = preSolution
		HideSolutionNode = FALSE
	EndGlobalSection
	GlobalSection(ExtensibilityGlobals) = postSolution
		SolutionGuid = {EC817733-1C75-49A8-B8BB-853FFB47BB21}
	EndGlobalSection
EndGlobal
